// !$*UTF8*$!
{
	archiveVersion = 1;
	classes = {
	};
	objectVersion = 56;
	objects = {

/* Begin PBXBuildFile section */
		3400EC882C5DF73A0042961B /* ProfileView.swift in Sources */ = {isa = PBXBuildFile; fileRef = 3400EC872C5DF73A0042961B /* ProfileView.swift */; };
		3400EC8A2C5DFA6B0042961B /* ProfileOptionRowView.swift in Sources */ = {isa = PBXBuildFile; fileRef = 3400EC892C5DFA6B0042961B /* ProfileOptionRowView.swift */; };
		3400EC8C2C5E98A90042961B /* WishListsView.swift in Sources */ = {isa = PBXBuildFile; fileRef = 3400EC8B2C5E98A90042961B /* WishListsView.swift */; };
		3400EC8E2C5E9AB50042961B /* MainTabView.swift in Sources */ = {isa = PBXBuildFile; fileRef = 3400EC8D2C5E9AB50042961B /* MainTabView.swift */; };
		342BB6CB2C5301F600D72F4F /* ListingDetailView.swift in Sources */ = {isa = PBXBuildFile; fileRef = 342BB6CA2C5301F600D72F4F /* ListingDetailView.swift */; };
		342BB6CE2C53033600D72F4F /* ListingImageCarouselView.swift in Sources */ = {isa = PBXBuildFile; fileRef = 342BB6CD2C53033600D72F4F /* ListingImageCarouselView.swift */; };
		3439097D2C49D5E0006CF3A2 /* SearchAndFilterBar.swift in Sources */ = {isa = PBXBuildFile; fileRef = 3439097C2C49D5E0006CF3A2 /* SearchAndFilterBar.swift */; };
		349437422C5C427800AC8010 /* DestinationSearchView.swift in Sources */ = {isa = PBXBuildFile; fileRef = 349437412C5C427800AC8010 /* DestinationSearchView.swift */; };
		34989B632C371C10003963C2 /* airbnbApp.swift in Sources */ = {isa = PBXBuildFile; fileRef = 34989B622C371C10003963C2 /* airbnbApp.swift */; };
		34989B652C371C10003963C2 /* ContentView.swift in Sources */ = {isa = PBXBuildFile; fileRef = 34989B642C371C10003963C2 /* ContentView.swift */; };
		34989B672C371C11003963C2 /* Assets.xcassets in Resources */ = {isa = PBXBuildFile; fileRef = 34989B662C371C11003963C2 /* Assets.xcassets */; };
		34989B6A2C371C11003963C2 /* Preview Assets.xcassets in Resources */ = {isa = PBXBuildFile; fileRef = 34989B692C371C11003963C2 /* Preview Assets.xcassets */; };
		34989B7D2C371E0A003963C2 /* ExploreView.swift in Sources */ = {isa = PBXBuildFile; fileRef = 34989B7C2C371E0A003963C2 /* ExploreView.swift */; };
		34989B7F2C389F95003963C2 /* ListingItemView.swift in Sources */ = {isa = PBXBuildFile; fileRef = 34989B7E2C389F95003963C2 /* ListingItemView.swift */; };
/* End PBXBuildFile section */

/* Begin PBXFileReference section */
		3400EC872C5DF73A0042961B /* ProfileView.swift */ = {isa = PBXFileReference; lastKnownFileType = sourcecode.swift; path = ProfileView.swift; sourceTree = "<group>"; };
		3400EC892C5DFA6B0042961B /* ProfileOptionRowView.swift */ = {isa = PBXFileReference; lastKnownFileType = sourcecode.swift; path = ProfileOptionRowView.swift; sourceTree = "<group>"; };
		3400EC8B2C5E98A90042961B /* WishListsView.swift */ = {isa = PBXFileReference; lastKnownFileType = sourcecode.swift; path = WishListsView.swift; sourceTree = "<group>"; };
		3400EC8D2C5E9AB50042961B /* MainTabView.swift */ = {isa = PBXFileReference; lastKnownFileType = sourcecode.swift; path = MainTabView.swift; sourceTree = "<group>"; };
		342BB6CA2C5301F600D72F4F /* ListingDetailView.swift */ = {isa = PBXFileReference; lastKnownFileType = sourcecode.swift; path = ListingDetailView.swift; sourceTree = "<group>"; };
		342BB6CD2C53033600D72F4F /* ListingImageCarouselView.swift */ = {isa = PBXFileReference; lastKnownFileType = sourcecode.swift; path = ListingImageCarouselView.swift; sourceTree = "<group>"; };
		3439097C2C49D5E0006CF3A2 /* SearchAndFilterBar.swift */ = {isa = PBXFileReference; lastKnownFileType = sourcecode.swift; path = SearchAndFilterBar.swift; sourceTree = "<group>"; };
		349437412C5C427800AC8010 /* DestinationSearchView.swift */ = {isa = PBXFileReference; lastKnownFileType = sourcecode.swift; path = DestinationSearchView.swift; sourceTree = "<group>"; };
		34989B5F2C371C10003963C2 /* airbnb.app */ = {isa = PBXFileReference; explicitFileType = wrapper.application; includeInIndex = 0; path = airbnb.app; sourceTree = BUILT_PRODUCTS_DIR; };
		34989B622C371C10003963C2 /* airbnbApp.swift */ = {isa = PBXFileReference; lastKnownFileType = sourcecode.swift; path = airbnbApp.swift; sourceTree = "<group>"; };
		34989B642C371C10003963C2 /* ContentView.swift */ = {isa = PBXFileReference; lastKnownFileType = sourcecode.swift; path = ContentView.swift; sourceTree = "<group>"; };
		34989B662C371C11003963C2 /* Assets.xcassets */ = {isa = PBXFileReference; lastKnownFileType = folder.assetcatalog; path = Assets.xcassets; sourceTree = "<group>"; };
		34989B692C371C11003963C2 /* Preview Assets.xcassets */ = {isa = PBXFileReference; lastKnownFileType = folder.assetcatalog; path = "Preview Assets.xcassets"; sourceTree = "<group>"; };
		34989B7C2C371E0A003963C2 /* ExploreView.swift */ = {isa = PBXFileReference; lastKnownFileType = sourcecode.swift; path = ExploreView.swift; sourceTree = "<group>"; };
		34989B7E2C389F95003963C2 /* ListingItemView.swift */ = {isa = PBXFileReference; lastKnownFileType = sourcecode.swift; path = ListingItemView.swift; sourceTree = "<group>"; };
/* End PBXFileReference section */

/* Begin PBXFrameworksBuildPhase section */
		34989B5C2C371C10003963C2 /* Frameworks */ = {
			isa = PBXFrameworksBuildPhase;
			buildActionMask = 2147483647;
			files = (
			);
			runOnlyForDeploymentPostprocessing = 0;
		};
/* End PBXFrameworksBuildPhase section */

/* Begin PBXGroup section */
		342BB6CC2C53031000D72F4F /* Components */ = {
			isa = PBXGroup;
			children = (
				342BB6CD2C53033600D72F4F /* ListingImageCarouselView.swift */,
			);
			path = Components;
			sourceTree = "<group>";
		};
		34989B562C371C10003963C2 = {
			isa = PBXGroup;
			children = (
				34989B612C371C10003963C2 /* airbnb */,
				34989B602C371C10003963C2 /* Products */,
			);
			sourceTree = "<group>";
		};
		34989B602C371C10003963C2 /* Products */ = {
			isa = PBXGroup;
			children = (
				34989B5F2C371C10003963C2 /* airbnb.app */,
			);
			name = Products;
			sourceTree = "<group>";
		};
		34989B612C371C10003963C2 /* airbnb */ = {
			isa = PBXGroup;
			children = (
				34989B732C371C6E003963C2 /* Models */,
				34989B702C371C62003963C2 /* App */,
				34989B712C371C67003963C2 /* Core */,
				34989B722C371C69003963C2 /* Extensions */,
				34989B742C371CC2003963C2 /* Utils */,
				34989B642C371C10003963C2 /* ContentView.swift */,
				34989B662C371C11003963C2 /* Assets.xcassets */,
				34989B682C371C11003963C2 /* Preview Content */,
			);
			path = airbnb;
			sourceTree = "<group>";
		};
		34989B682C371C11003963C2 /* Preview Content */ = {
			isa = PBXGroup;
			children = (
				34989B692C371C11003963C2 /* Preview Assets.xcassets */,
			);
			path = "Preview Content";
			sourceTree = "<group>";
		};
		34989B702C371C62003963C2 /* App */ = {
			isa = PBXGroup;
			children = (
				34989B622C371C10003963C2 /* airbnbApp.swift */,
			);
			path = App;
			sourceTree = "<group>";
		};
		34989B712C371C67003963C2 /* Core */ = {
			isa = PBXGroup;
			children = (
				342BB6CC2C53031000D72F4F /* Components */,
				34989B752C371CE8003963C2 /* Explore */,
				34989B792C371D1F003963C2 /* Listings */,
				34989B762C371CF0003963C2 /* MapView */,
				34989B7A2C371D2D003963C2 /* Profile */,
				34989B7B2C371D64003963C2 /* Root */,
				34989B772C371CFA003963C2 /* TabBar */,
				34989B782C371D0C003963C2 /* Wishlists */,
			);
			path = Core;
			sourceTree = "<group>";
		};
		34989B722C371C69003963C2 /* Extensions */ = {
			isa = PBXGroup;
			children = (
			);
			path = Extensions;
			sourceTree = "<group>";
		};
		34989B732C371C6E003963C2 /* Models */ = {
			isa = PBXGroup;
			children = (
			);
			path = Models;
			sourceTree = "<group>";
		};
		34989B742C371CC2003963C2 /* Utils */ = {
			isa = PBXGroup;
			children = (
			);
			path = Utils;
			sourceTree = "<group>";
		};
		34989B752C371CE8003963C2 /* Explore */ = {
			isa = PBXGroup;
			children = (
				34989B7C2C371E0A003963C2 /* ExploreView.swift */,
				3439097C2C49D5E0006CF3A2 /* SearchAndFilterBar.swift */,
				349437412C5C427800AC8010 /* DestinationSearchView.swift */,
			);
			path = Explore;
			sourceTree = "<group>";
		};
		34989B762C371CF0003963C2 /* MapView */ = {
			isa = PBXGroup;
			children = (
			);
			path = MapView;
			sourceTree = "<group>";
		};
		34989B772C371CFA003963C2 /* TabBar */ = {
			isa = PBXGroup;
			children = (
				3400EC8D2C5E9AB50042961B /* MainTabView.swift */,
			);
			path = TabBar;
			sourceTree = "<group>";
		};
		34989B782C371D0C003963C2 /* Wishlists */ = {
			isa = PBXGroup;
			children = (
				3400EC8B2C5E98A90042961B /* WishListsView.swift */,
			);
			path = Wishlists;
			sourceTree = "<group>";
		};
		34989B792C371D1F003963C2 /* Listings */ = {
			isa = PBXGroup;
			children = (
				34989B7E2C389F95003963C2 /* ListingItemView.swift */,
				342BB6CA2C5301F600D72F4F /* ListingDetailView.swift */,
			);
			path = Listings;
			sourceTree = "<group>";
		};
		34989B7A2C371D2D003963C2 /* Profile */ = {
			isa = PBXGroup;
			children = (
				3400EC872C5DF73A0042961B /* ProfileView.swift */,
				3400EC892C5DFA6B0042961B /* ProfileOptionRowView.swift */,
			);
			path = Profile;
			sourceTree = "<group>";
		};
		34989B7B2C371D64003963C2 /* Root */ = {
			isa = PBXGroup;
			children = (
			);
			path = Root;
			sourceTree = "<group>";
		};
/* End PBXGroup section */

/* Begin PBXNativeTarget section */
		34989B5E2C371C10003963C2 /* airbnb */ = {
			isa = PBXNativeTarget;
			buildConfigurationList = 34989B6D2C371C11003963C2 /* Build configuration list for PBXNativeTarget "airbnb" */;
			buildPhases = (
				34989B5B2C371C10003963C2 /* Sources */,
				34989B5C2C371C10003963C2 /* Frameworks */,
				34989B5D2C371C10003963C2 /* Resources */,
			);
			buildRules = (
			);
			dependencies = (
			);
			name = airbnb;
			productName = airbnb;
			productReference = 34989B5F2C371C10003963C2 /* airbnb.app */;
			productType = "com.apple.product-type.application";
		};
/* End PBXNativeTarget section */

/* Begin PBXProject section */
		34989B572C371C10003963C2 /* Project object */ = {
			isa = PBXProject;
			attributes = {
				BuildIndependentTargetsInParallel = 1;
				LastSwiftUpdateCheck = 1530;
				LastUpgradeCheck = 1530;
				TargetAttributes = {
					34989B5E2C371C10003963C2 = {
						CreatedOnToolsVersion = 15.3;
					};
				};
			};
			buildConfigurationList = 34989B5A2C371C10003963C2 /* Build configuration list for PBXProject "airbnb" */;
			compatibilityVersion = "Xcode 14.0";
			developmentRegion = en;
			hasScannedForEncodings = 0;
			knownRegions = (
				en,
				Base,
			);
			mainGroup = 34989B562C371C10003963C2;
			productRefGroup = 34989B602C371C10003963C2 /* Products */;
			projectDirPath = "";
			projectRoot = "";
			targets = (
				34989B5E2C371C10003963C2 /* airbnb */,
			);
		};
/* End PBXProject section */

/* Begin PBXResourcesBuildPhase section */
		34989B5D2C371C10003963C2 /* Resources */ = {
			isa = PBXResourcesBuildPhase;
			buildActionMask = 2147483647;
			files = (
				34989B6A2C371C11003963C2 /* Preview Assets.xcassets in Resources */,
				34989B672C371C11003963C2 /* Assets.xcassets in Resources */,
			);
			runOnlyForDeploymentPostprocessing = 0;
		};
/* End PBXResourcesBuildPhase section */

/* Begin PBXSourcesBuildPhase section */
		34989B5B2C371C10003963C2 /* Sources */ = {
			isa = PBXSourcesBuildPhase;
			buildActionMask = 2147483647;
			files = (
				342BB6CE2C53033600D72F4F /* ListingImageCarouselView.swift in Sources */,
				3400EC882C5DF73A0042961B /* ProfileView.swift in Sources */,
				3400EC8A2C5DFA6B0042961B /* ProfileOptionRowView.swift in Sources */,
				349437422C5C427800AC8010 /* DestinationSearchView.swift in Sources */,
				34989B652C371C10003963C2 /* ContentView.swift in Sources */,
				34989B7F2C389F95003963C2 /* ListingItemView.swift in Sources */,
				3400EC8C2C5E98A90042961B /* WishListsView.swift in Sources */,
				34989B7D2C371E0A003963C2 /* ExploreView.swift in Sources */,
				3439097D2C49D5E0006CF3A2 /* SearchAndFilterBar.swift in Sources */,
				342BB6CB2C5301F600D72F4F /* ListingDetailView.swift in Sources */,
				34989B632C371C10003963C2 /* airbnbApp.swift in Sources */,
				3400EC8E2C5E9AB50042961B /* MainTabView.swift in Sources */,
			);
			runOnlyForDeploymentPostprocessing = 0;
		};
/* End PBXSourcesBuildPhase section */

/* Begin XCBuildConfiguration section */
		34989B6B2C371C11003963C2 /* Debug */ = {
			isa = XCBuildConfiguration;
			buildSettings = {
				ALWAYS_SEARCH_USER_PATHS = NO;
				ASSETCATALOG_COMPILER_GENERATE_SWIFT_ASSET_SYMBOL_EXTENSIONS = YES;
				CLANG_ANALYZER_NONNULL = YES;
				CLANG_ANALYZER_NUMBER_OBJECT_CONVERSION = YES_AGGRESSIVE;
				CLANG_CXX_LANGUAGE_STANDARD = "gnu++20";
				CLANG_ENABLE_MODULES = YES;
				CLANG_ENABLE_OBJC_ARC = YES;
				CLANG_ENABLE_OBJC_WEAK = YES;
				CLANG_WARN_BLOCK_CAPTURE_AUTORELEASING = YES;
				CLANG_WARN_BOOL_CONVERSION = YES;
				CLANG_WARN_COMMA = YES;
				CLANG_WARN_CONSTANT_CONVERSION = YES;
				CLANG_WARN_DEPRECATED_OBJC_IMPLEMENTATIONS = YES;
				CLANG_WARN_DIRECT_OBJC_ISA_USAGE = YES_ERROR;
				CLANG_WARN_DOCUMENTATION_COMMENTS = YES;
				CLANG_WARN_EMPTY_BODY = YES;
				CLANG_WARN_ENUM_CONVERSION = YES;
				CLANG_WARN_INFINITE_RECURSION = YES;
				CLANG_WARN_INT_CONVERSION = YES;
				CLANG_WARN_NON_LITERAL_NULL_CONVERSION = YES;
				CLANG_WARN_OBJC_IMPLICIT_RETAIN_SELF = YES;
				CLANG_WARN_OBJC_LITERAL_CONVERSION = YES;
				CLANG_WARN_OBJC_ROOT_CLASS = YES_ERROR;
				CLANG_WARN_QUOTED_INCLUDE_IN_FRAMEWORK_HEADER = YES;
				CLANG_WARN_RANGE_LOOP_ANALYSIS = YES;
				CLANG_WARN_STRICT_PROTOTYPES = YES;
				CLANG_WARN_SUSPICIOUS_MOVE = YES;
				CLANG_WARN_UNGUARDED_AVAILABILITY = YES_AGGRESSIVE;
				CLANG_WARN_UNREACHABLE_CODE = YES;
				CLANG_WARN__DUPLICATE_METHOD_MATCH = YES;
				COPY_PHASE_STRIP = NO;
				DEBUG_INFORMATION_FORMAT = dwarf;
				ENABLE_STRICT_OBJC_MSGSEND = YES;
				ENABLE_TESTABILITY = YES;
				ENABLE_USER_SCRIPT_SANDBOXING = YES;
				GCC_C_LANGUAGE_STANDARD = gnu17;
				GCC_DYNAMIC_NO_PIC = NO;
				GCC_NO_COMMON_BLOCKS = YES;
				GCC_OPTIMIZATION_LEVEL = 0;
				GCC_PREPROCESSOR_DEFINITIONS = (
					"DEBUG=1",
					"$(inherited)",
				);
				GCC_WARN_64_TO_32_BIT_CONVERSION = YES;
				GCC_WARN_ABOUT_RETURN_TYPE = YES_ERROR;
				GCC_WARN_UNDECLARED_SELECTOR = YES;
				GCC_WARN_UNINITIALIZED_AUTOS = YES_AGGRESSIVE;
				GCC_WARN_UNUSED_FUNCTION = YES;
				GCC_WARN_UNUSED_VARIABLE = YES;
				IPHONEOS_DEPLOYMENT_TARGET = 17.4;
				LOCALIZATION_PREFERS_STRING_CATALOGS = YES;
				MTL_ENABLE_DEBUG_INFO = INCLUDE_SOURCE;
				MTL_FAST_MATH = YES;
				ONLY_ACTIVE_ARCH = YES;
				SDKROOT = iphoneos;
				SWIFT_ACTIVE_COMPILATION_CONDITIONS = "DEBUG $(inherited)";
				SWIFT_OPTIMIZATION_LEVEL = "-Onone";
			};
			name = Debug;
		};
		34989B6C2C371C11003963C2 /* Release */ = {
			isa = XCBuildConfiguration;
			buildSettings = {
				ALWAYS_SEARCH_USER_PATHS = NO;
				ASSETCATALOG_COMPILER_GENERATE_SWIFT_ASSET_SYMBOL_EXTENSIONS = YES;
				CLANG_ANALYZER_NONNULL = YES;
				CLANG_ANALYZER_NUMBER_OBJECT_CONVERSION = YES_AGGRESSIVE;
				CLANG_CXX_LANGUAGE_STANDARD = "gnu++20";
				CLANG_ENABLE_MODULES = YES;
				CLANG_ENABLE_OBJC_ARC = YES;
				CLANG_ENABLE_OBJC_WEAK = YES;
				CLANG_WARN_BLOCK_CAPTURE_AUTORELEASING = YES;
				CLANG_WARN_BOOL_CONVERSION = YES;
				CLANG_WARN_COMMA = YES;
				CLANG_WARN_CONSTANT_CONVERSION = YES;
				CLANG_WARN_DEPRECATED_OBJC_IMPLEMENTATIONS = YES;
				CLANG_WARN_DIRECT_OBJC_ISA_USAGE = YES_ERROR;
				CLANG_WARN_DOCUMENTATION_COMMENTS = YES;
				CLANG_WARN_EMPTY_BODY = YES;
				CLANG_WARN_ENUM_CONVERSION = YES;
				CLANG_WARN_INFINITE_RECURSION = YES;
				CLANG_WARN_INT_CONVERSION = YES;
				CLANG_WARN_NON_LITERAL_NULL_CONVERSION = YES;
				CLANG_WARN_OBJC_IMPLICIT_RETAIN_SELF = YES;
				CLANG_WARN_OBJC_LITERAL_CONVERSION = YES;
				CLANG_WARN_OBJC_ROOT_CLASS = YES_ERROR;
				CLANG_WARN_QUOTED_INCLUDE_IN_FRAMEWORK_HEADER = YES;
				CLANG_WARN_RANGE_LOOP_ANALYSIS = YES;
				CLANG_WARN_STRICT_PROTOTYPES = YES;
				CLANG_WARN_SUSPICIOUS_MOVE = YES;
				CLANG_WARN_UNGUARDED_AVAILABILITY = YES_AGGRESSIVE;
				CLANG_WARN_UNREACHABLE_CODE = YES;
				CLANG_WARN__DUPLICATE_METHOD_MATCH = YES;
				COPY_PHASE_STRIP = NO;
				DEBUG_INFORMATION_FORMAT = "dwarf-with-dsym";
				ENABLE_NS_ASSERTIONS = NO;
				ENABLE_STRICT_OBJC_MSGSEND = YES;
				ENABLE_USER_SCRIPT_SANDBOXING = YES;
				GCC_C_LANGUAGE_STANDARD = gnu17;
				GCC_NO_COMMON_BLOCKS = YES;
				GCC_WARN_64_TO_32_BIT_CONVERSION = YES;
				GCC_WARN_ABOUT_RETURN_TYPE = YES_ERROR;
				GCC_WARN_UNDECLARED_SELECTOR = YES;
				GCC_WARN_UNINITIALIZED_AUTOS = YES_AGGRESSIVE;
				GCC_WARN_UNUSED_FUNCTION = YES;
				GCC_WARN_UNUSED_VARIABLE = YES;
				IPHONEOS_DEPLOYMENT_TARGET = 17.4;
				LOCALIZATION_PREFERS_STRING_CATALOGS = YES;
				MTL_ENABLE_DEBUG_INFO = NO;
				MTL_FAST_MATH = YES;
				SDKROOT = iphoneos;
				SWIFT_COMPILATION_MODE = wholemodule;
				VALIDATE_PRODUCT = YES;
			};
			name = Release;
		};
		34989B6E2C371C11003963C2 /* Debug */ = {
			isa = XCBuildConfiguration;
			buildSettings = {
				ASSETCATALOG_COMPILER_APPICON_NAME = AppIcon;
				ASSETCATALOG_COMPILER_GLOBAL_ACCENT_COLOR_NAME = AccentColor;
				CODE_SIGN_STYLE = Automatic;
				CURRENT_PROJECT_VERSION = 1;
				DEVELOPMENT_ASSET_PATHS = "\"airbnb/Preview Content\"";
				DEVELOPMENT_TEAM = B8C453N3ZW;
				ENABLE_PREVIEWS = YES;
				GENERATE_INFOPLIST_FILE = YES;
				INFOPLIST_KEY_UIApplicationSceneManifest_Generation = YES;
				INFOPLIST_KEY_UIApplicationSupportsIndirectInputEvents = YES;
				INFOPLIST_KEY_UILaunchScreen_Generation = YES;
				INFOPLIST_KEY_UISupportedInterfaceOrientations_iPad = "UIInterfaceOrientationPortrait UIInterfaceOrientationPortraitUpsideDown UIInterfaceOrientationLandscapeLeft UIInterfaceOrientationLandscapeRight";
				INFOPLIST_KEY_UISupportedInterfaceOrientations_iPhone = "UIInterfaceOrientationPortrait UIInterfaceOrientationLandscapeLeft UIInterfaceOrientationLandscapeRight";
				LD_RUNPATH_SEARCH_PATHS = (
					"$(inherited)",
					"@executable_path/Frameworks",
				);
				MARKETING_VERSION = 1.0;
				PRODUCT_BUNDLE_IDENTIFIER = co.giftedbookstore.airbnb;
				PRODUCT_NAME = "$(TARGET_NAME)";
				SWIFT_EMIT_LOC_STRINGS = YES;
				SWIFT_VERSION = 5.0;
				TARGETED_DEVICE_FAMILY = "1,2";
			};
			name = Debug;
		};
		34989B6F2C371C11003963C2 /* Release */ = {
			isa = XCBuildConfiguration;
			buildSettings = {
				ASSETCATALOG_COMPILER_APPICON_NAME = AppIcon;
				ASSETCATALOG_COMPILER_GLOBAL_ACCENT_COLOR_NAME = AccentColor;
				CODE_SIGN_STYLE = Automatic;
				CURRENT_PROJECT_VERSION = 1;
				DEVELOPMENT_ASSET_PATHS = "\"airbnb/Preview Content\"";
				DEVELOPMENT_TEAM = B8C453N3ZW;
				ENABLE_PREVIEWS = YES;
				GENERATE_INFOPLIST_FILE = YES;
				INFOPLIST_KEY_UIApplicationSceneManifest_Generation = YES;
				INFOPLIST_KEY_UIApplicationSupportsIndirectInputEvents = YES;
				INFOPLIST_KEY_UILaunchScreen_Generation = YES;
				INFOPLIST_KEY_UISupportedInterfaceOrientations_iPad = "UIInterfaceOrientationPortrait UIInterfaceOrientationPortraitUpsideDown UIInterfaceOrientationLandscapeLeft UIInterfaceOrientationLandscapeRight";
				INFOPLIST_KEY_UISupportedInterfaceOrientations_iPhone = "UIInterfaceOrientationPortrait UIInterfaceOrientationLandscapeLeft UIInterfaceOrientationLandscapeRight";
				LD_RUNPATH_SEARCH_PATHS = (
					"$(inherited)",
					"@executable_path/Frameworks",
				);
				MARKETING_VERSION = 1.0;
				PRODUCT_BUNDLE_IDENTIFIER = co.giftedbookstore.airbnb;
				PRODUCT_NAME = "$(TARGET_NAME)";
				SWIFT_EMIT_LOC_STRINGS = YES;
				SWIFT_VERSION = 5.0;
				TARGETED_DEVICE_FAMILY = "1,2";
			};
			name = Release;
		};
/* End XCBuildConfiguration section */

/* Begin XCConfigurationList section */
		34989B5A2C371C10003963C2 /* Build configuration list for PBXProject "airbnb" */ = {
			isa = XCConfigurationList;
			buildConfigurations = (
				34989B6B2C371C11003963C2 /* Debug */,
				34989B6C2C371C11003963C2 /* Release */,
			);
			defaultConfigurationIsVisible = 0;
			defaultConfigurationName = Release;
		};
		34989B6D2C371C11003963C2 /* Build configuration list for PBXNativeTarget "airbnb" */ = {
			isa = XCConfigurationList;
			buildConfigurations = (
				34989B6E2C371C11003963C2 /* Debug */,
				34989B6F2C371C11003963C2 /* Release */,
			);
			defaultConfigurationIsVisible = 0;
			defaultConfigurationName = Release;
		};
/* End XCConfigurationList section */
	};
	rootObject = 34989B572C371C10003963C2 /* Project object */;
}
